<?xml version="1.0" encoding="utf-8"?>
<Project ToolsVersion="4.0" xmlns="http://schemas.microsoft.com/developer/msbuild/2003">
  <ItemGroup>
    <Filter Include="ソース ファイル">
      <UniqueIdentifier>{4FC737F1-C7A5-4376-A066-2A32D752A2FF}</UniqueIdentifier>
      <Extensions>cpp;c;cc;cxx;c++;cppm;ixx;def;odl;idl;hpj;bat;asm;asmx</Extensions>
    </Filter>
    <Filter Include="ヘッダー ファイル">
      <UniqueIdentifier>{93995380-89BD-4b04-88EB-625FBE52EBFB}</UniqueIdentifier>
      <Extensions>h;hh;hpp;hxx;h++;hm;inl;inc;ipp;xsd</Extensions>
    </Filter>
    <Filter Include="リソース ファイル">
      <UniqueIdentifier>{67DA6AB6-F800-4c08-8B7A-83BB121AAD01}</UniqueIdentifier>
      <Extensions>rc;ico;cur;bmp;dlg;rc2;rct;bin;rgs;gif;jpg;jpeg;jpe;resx;tiff;tif;png;wav;mfcribbon-ms</Extensions>
    </Filter>
    <Filter Include="ソース ファイル\[000] tnl">
      <UniqueIdentifier>{1ae71a76-4c60-4ac3-9b1f-49348832edbb}</UniqueIdentifier>
    </Filter>
    <Filter Include="ソース ファイル\[001] dxe">
      <UniqueIdentifier>{d2fe00dc-2ea2-4336-ae02-71b6be6983d7}</UniqueIdentifier>
    </Filter>
    <Filter Include="ソース ファイル\[002] example">
      <UniqueIdentifier>{6b2d8917-5b44-4832-b797-736e4899d7de}</UniqueIdentifier>
    </Filter>
    <Filter Include="ソース ファイル\[004] game">
      <UniqueIdentifier>{059d0b2c-707f-4716-9125-4c9a147873f7}</UniqueIdentifier>
    </Filter>
    <Filter Include="ソース ファイル\[001] dxe\effect">
      <UniqueIdentifier>{3dcb6799-000e-46bc-83fe-6db1903ff102}</UniqueIdentifier>
    </Filter>
    <Filter Include="ソース ファイル\[001] dxe\gui">
      <UniqueIdentifier>{027e65c1-c320-4cb9-aa80-b64f9d1c1c5f}</UniqueIdentifier>
    </Filter>
    <Filter Include="ソース ファイル\[001] dxe\mesh">
      <UniqueIdentifier>{daf06c27-fda1-46ff-8b8d-1980a1a78a6d}</UniqueIdentifier>
    </Filter>
    <Filter Include="ソース ファイル\[001] dxe\mesh\create_mesh">
      <UniqueIdentifier>{c77515f6-06d4-40cf-a7b4-56855cffff57}</UniqueIdentifier>
    </Filter>
    <Filter Include="ソース ファイル\[002] example\beginner">
      <UniqueIdentifier>{ad62cfd5-24a6-4d64-853d-30beb148bd62}</UniqueIdentifier>
    </Filter>
    <Filter Include="ソース ファイル\[002] example\2D">
      <UniqueIdentifier>{92928c7a-9409-473a-9cd0-14c2e09446d0}</UniqueIdentifier>
    </Filter>
    <Filter Include="ソース ファイル\[002] example\3D">
      <UniqueIdentifier>{41df9a0e-e8de-4db0-84d8-4401a863293d}</UniqueIdentifier>
    </Filter>
    <Filter Include="ソース ファイル\[002] example\util">
      <UniqueIdentifier>{072cfd00-191e-4fd2-a05d-311ee54dff11}</UniqueIdentifier>
    </Filter>
  </ItemGroup>
  <ItemGroup>
    <ClInclude Include="framework.h">
      <Filter>ヘッダー ファイル</Filter>
    </ClInclude>
    <ClInclude Include="targetver.h">
      <Filter>ヘッダー ファイル</Filter>
    </ClInclude>
    <ClInclude Include="Resource.h">
      <Filter>ヘッダー ファイル</Filter>
    </ClInclude>
    <ClInclude Include="110_Skil2_SampleGame_BrickBreaker.h">
      <Filter>ヘッダー ファイル</Filter>
    </ClInclude>
    <ClInclude Include="..\common\tnl\json11.hpp">
      <Filter>ソース ファイル\[000] tnl</Filter>
    </ClInclude>
    <ClInclude Include="..\common\tnl\stb_image.h">
      <Filter>ソース ファイル\[000] tnl</Filter>
    </ClInclude>
    <ClInclude Include="..\common\tnl\tnl_csv.h">
      <Filter>ソース ファイル\[000] tnl</Filter>
    </ClInclude>
    <ClInclude Include="..\common\tnl\tnl_folder_tree.h">
      <Filter>ソース ファイル\[000] tnl</Filter>
    </ClInclude>
    <ClInclude Include="..\common\tnl\tnl_font_texture.h">
      <Filter>ソース ファイル\[000] tnl</Filter>
    </ClInclude>
    <ClInclude Include="..\common\tnl\tnl_hierarchy_tree.h">
      <Filter>ソース ファイル\[000] tnl</Filter>
    </ClInclude>
    <ClInclude Include="..\common\tnl\tnl_input.h">
      <Filter>ソース ファイル\[000] tnl</Filter>
    </ClInclude>
    <ClInclude Include="..\common\tnl\tnl_instance.h">
      <Filter>ソース ファイル\[000] tnl</Filter>
    </ClInclude>
    <ClInclude Include="..\common\tnl\tnl_interactor.h">
      <Filter>ソース ファイル\[000] tnl</Filter>
    </ClInclude>
    <ClInclude Include="..\common\tnl\tnl_intersect.h">
      <Filter>ソース ファイル\[000] tnl</Filter>
    </ClInclude>
    <ClInclude Include="..\common\tnl\tnl_link_linear.h">
      <Filter>ソース ファイル\[000] tnl</Filter>
    </ClInclude>
    <ClInclude Include="..\common\tnl\tnl_math.h">
      <Filter>ソース ファイル\[000] tnl</Filter>
    </ClInclude>
    <ClInclude Include="..\common\tnl\tnl_matrix.h">
      <Filter>ソース ファイル\[000] tnl</Filter>
    </ClInclude>
    <ClInclude Include="..\common\tnl\tnl_quaternion.h">
      <Filter>ソース ファイル\[000] tnl</Filter>
    </ClInclude>
    <ClInclude Include="..\common\tnl\tnl_rect.h">
      <Filter>ソース ファイル\[000] tnl</Filter>
    </ClInclude>
    <ClInclude Include="..\common\tnl\tnl_seek_unit.h">
      <Filter>ソース ファイル\[000] tnl</Filter>
    </ClInclude>
    <ClInclude Include="..\common\tnl\tnl_sequence.h">
      <Filter>ソース ファイル\[000] tnl</Filter>
    </ClInclude>
    <ClInclude Include="..\common\tnl\tnl_shared_factory.h">
      <Filter>ソース ファイル\[000] tnl</Filter>
    </ClInclude>
    <ClInclude Include="..\common\tnl\tnl_using.h">
      <Filter>ソース ファイル\[000] tnl</Filter>
    </ClInclude>
    <ClInclude Include="..\common\tnl\tnl_util.h">
      <Filter>ソース ファイル\[000] tnl</Filter>
    </ClInclude>
    <ClInclude Include="..\common\tnl\tnl_vector.h">
      <Filter>ソース ファイル\[000] tnl</Filter>
    </ClInclude>
    <ClInclude Include="..\common\tnl\tnl_vector2f.h">
      <Filter>ソース ファイル\[000] tnl</Filter>
    </ClInclude>
    <ClInclude Include="..\common\tnl\tnl_vector2i.h">
      <Filter>ソース ファイル\[000] tnl</Filter>
    </ClInclude>
    <ClInclude Include="..\common\tnl\tnl_vector3.h">
      <Filter>ソース ファイル\[000] tnl</Filter>
    </ClInclude>
    <ClInclude Include="..\common\dxe\dxe.h">
      <Filter>ソース ファイル\[001] dxe</Filter>
    </ClInclude>
    <ClInclude Include="..\common\dxe\dxe_camera.h">
      <Filter>ソース ファイル\[001] dxe</Filter>
    </ClInclude>
    <ClInclude Include="..\common\dxe\dxe_data.h">
      <Filter>ソース ファイル\[001] dxe</Filter>
    </ClInclude>
    <ClInclude Include="..\common\dxe\dxe_font_text.h">
      <Filter>ソース ファイル\[001] dxe</Filter>
    </ClInclude>
    <ClInclude Include="..\common\dxe\dxe_graphics_layer.h">
      <Filter>ソース ファイル\[001] dxe</Filter>
    </ClInclude>
    <ClInclude Include="..\common\dxe\dxe_input.h">
      <Filter>ソース ファイル\[001] dxe</Filter>
    </ClInclude>
    <ClInclude Include="..\common\dxe\dxe_prototype.h">
      <Filter>ソース ファイル\[001] dxe</Filter>
    </ClInclude>
    <ClInclude Include="..\common\dxe\dxe_render_param.h">
      <Filter>ソース ファイル\[001] dxe</Filter>
    </ClInclude>
    <ClInclude Include="..\common\dxe\dxe_texture.h">
      <Filter>ソース ファイル\[001] dxe</Filter>
    </ClInclude>
    <ClInclude Include="..\common\dxe\OBJLoader.h">
      <Filter>ソース ファイル\[001] dxe</Filter>
    </ClInclude>
    <ClInclude Include="..\common\dxe\mesh\dxe_inst_mesh.h">
      <Filter>ソース ファイル\[001] dxe\mesh</Filter>
    </ClInclude>
    <ClInclude Include="..\common\dxe\mesh\dxe_mesh.h">
      <Filter>ソース ファイル\[001] dxe\mesh</Filter>
    </ClInclude>
    <ClInclude Include="..\common\dxe\mesh\dxe_mesh_base.h">
      <Filter>ソース ファイル\[001] dxe\mesh</Filter>
    </ClInclude>
    <ClInclude Include="..\common\dxe\mesh\dxe_mesh_desc.h">
      <Filter>ソース ファイル\[001] dxe\mesh</Filter>
    </ClInclude>
    <ClInclude Include="..\common\dxe\mesh\dxe_mesh_mtrl_gui_controller.h">
      <Filter>ソース ファイル\[001] dxe\mesh</Filter>
    </ClInclude>
    <ClInclude Include="..\common\dxe\gui\dxe_gui_check_box.h">
      <Filter>ソース ファイル\[001] dxe\gui</Filter>
    </ClInclude>
    <ClInclude Include="..\common\dxe\gui\dxe_gui_drag_box.h">
      <Filter>ソース ファイル\[001] dxe\gui</Filter>
    </ClInclude>
    <ClInclude Include="..\common\dxe\gui\dxe_gui_input_box.h">
      <Filter>ソース ファイル\[001] dxe\gui</Filter>
    </ClInclude>
    <ClInclude Include="..\common\dxe\gui\dxe_gui_menu_selector.h">
      <Filter>ソース ファイル\[001] dxe\gui</Filter>
    </ClInclude>
    <ClInclude Include="..\common\dxe\gui\dxe_gui_value_slider.h">
      <Filter>ソース ファイル\[001] dxe\gui</Filter>
    </ClInclude>
    <ClInclude Include="..\common\dxe\effects\dxe_erea_projection.h">
      <Filter>ソース ファイル\[001] dxe\effect</Filter>
    </ClInclude>
    <ClInclude Include="..\common\dxe\effects\dxe_particle.h">
      <Filter>ソース ファイル\[001] dxe\effect</Filter>
    </ClInclude>
    <ClInclude Include="..\common\dxe\effects\dxe_shadow_map.h">
      <Filter>ソース ファイル\[001] dxe\effect</Filter>
    </ClInclude>
    <ClInclude Include="..\common\dxe\effects\dxe_water_plane.h">
      <Filter>ソース ファイル\[001] dxe\effect</Filter>
    </ClInclude>
    <ClInclude Include="..\common\dxe\dxe_build_setting.h">
      <Filter>ソース ファイル</Filter>
    </ClInclude>
    <ClInclude Include="..\common\tnl\tnl_build_setting.h">
      <Filter>ソース ファイル</Filter>
    </ClInclude>
    <ClInclude Include="program\gm_main.h">
      <Filter>ソース ファイル\[004] game</Filter>
    </ClInclude>
    <ClInclude Include="..\common\example\beginner\000_exa_hello_world.h">
      <Filter>ソース ファイル\[002] example\beginner</Filter>
    </ClInclude>
    <ClInclude Include="..\common\example\beginner\020_exa_input_keybord.h">
      <Filter>ソース ファイル\[002] example\beginner</Filter>
    </ClInclude>
    <ClInclude Include="..\common\example\beginner\030_exa_input_mouse.h">
      <Filter>ソース ファイル\[002] example\beginner</Filter>
    </ClInclude>
    <ClInclude Include="..\common\example\beginner\040_exa_input_game_pad.h">
      <Filter>ソース ファイル\[002] example\beginner</Filter>
    </ClInclude>
    <ClInclude Include="..\common\example\beginner\050_exa_random_value.h">
      <Filter>ソース ファイル\[002] example\beginner</Filter>
    </ClInclude>
    <ClInclude Include="..\common\example\beginner\060_exa_time_count.h">
      <Filter>ソース ファイル\[002] example\beginner</Filter>
    </ClInclude>
    <ClInclude Include="..\common\example\beginner\070_exa_draw_shape.h">
      <Filter>ソース ファイル\[002] example\beginner</Filter>
    </ClInclude>
    <ClInclude Include="..\common\example\beginner\080_exa_draw_graphics.h">
      <Filter>ソース ファイル\[002] example\beginner</Filter>
    </ClInclude>
    <ClInclude Include="..\common\example\beginner\081_exa_graphics_blend_mode.h">
      <Filter>ソース ファイル\[002] example\beginner</Filter>
    </ClInclude>
    <ClInclude Include="..\common\example\beginner\090_exa_animation.h">
      <Filter>ソース ファイル\[002] example\beginner</Filter>
    </ClInclude>
    <ClInclude Include="..\common\example\beginner\100_exa_draw_string.h">
      <Filter>ソース ファイル\[002] example\beginner</Filter>
    </ClInclude>
    <ClInclude Include="..\common\example\beginner\110_exa_draw_map_chip.h">
      <Filter>ソース ファイル\[002] example\beginner</Filter>
    </ClInclude>
    <ClInclude Include="..\common\example\beginner\110_exa_sound.h">
      <Filter>ソース ファイル\[002] example\beginner</Filter>
    </ClInclude>
    <ClInclude Include="..\common\example\beginner\111_exa_csv.h">
      <Filter>ソース ファイル\[002] example\beginner</Filter>
    </ClInclude>
    <ClInclude Include="..\common\example\beginner\112_exa_json11.h">
      <Filter>ソース ファイル\[002] example\beginner</Filter>
    </ClInclude>
    <ClInclude Include="..\common\example\beginner\120_exa_intersect_mouse_box.h">
      <Filter>ソース ファイル\[002] example\beginner</Filter>
    </ClInclude>
    <ClInclude Include="..\common\example\beginner\130_exa_intersect_box.h">
      <Filter>ソース ファイル\[002] example\beginner</Filter>
    </ClInclude>
    <ClInclude Include="..\common\example\beginner\140_exa_intersect_sphere.h">
      <Filter>ソース ファイル\[002] example\beginner</Filter>
    </ClInclude>
    <ClInclude Include="..\common\example\beginner\150_exa_intersect_rect_circle.h">
      <Filter>ソース ファイル\[002] example\beginner</Filter>
    </ClInclude>
    <ClInclude Include="..\common\example\beginner\160_exa_intersect_line_circle.h">
      <Filter>ソース ファイル\[002] example\beginner</Filter>
    </ClInclude>
    <ClInclude Include="..\common\example\beginner\170_exa_intersect_csv_field_chip.h">
      <Filter>ソース ファイル\[002] example\beginner</Filter>
    </ClInclude>
    <ClInclude Include="..\common\example\2D\exa_2d_camera.h">
      <Filter>ソース ファイル\[002] example\2D</Filter>
    </ClInclude>
    <ClInclude Include="..\common\example\2D\exa_font_summary.h">
      <Filter>ソース ファイル\[002] example\2D</Filter>
    </ClInclude>
    <ClInclude Include="..\common\example\2D\exa_instancing.h">
      <Filter>ソース ファイル\[002] example\2D</Filter>
    </ClInclude>
    <ClInclude Include="..\common\example\2D\exa_on_select_object_from_line_loop.h">
      <Filter>ソース ファイル\[002] example\2D</Filter>
    </ClInclude>
    <ClInclude Include="..\common\example\2D\exa_particle.h">
      <Filter>ソース ファイル\[002] example\2D</Filter>
    </ClInclude>
    <ClInclude Include="..\common\example\2D\exa_text_object.h">
      <Filter>ソース ファイル\[002] example\2D</Filter>
    </ClInclude>
    <ClInclude Include="..\common\example\2D\exa_text_object_animation.h">
      <Filter>ソース ファイル\[002] example\2D</Filter>
    </ClInclude>
    <ClInclude Include="..\common\example\3D\000_exa_start_up.h">
      <Filter>ソース ファイル\[002] example\3D</Filter>
    </ClInclude>
    <ClInclude Include="..\common\example\3D\020_exa_camera_look_at.h">
      <Filter>ソース ファイル\[002] example\3D</Filter>
    </ClInclude>
    <ClInclude Include="..\common\example\3D\021_exa_camera_fps.h">
      <Filter>ソース ファイル\[002] example\3D</Filter>
    </ClInclude>
    <ClInclude Include="..\common\example\3D\022_exa_camera_orbit.h">
      <Filter>ソース ファイル\[002] example\3D</Filter>
    </ClInclude>
    <ClInclude Include="..\common\example\3D\030_exa_progamable_mesh.h">
      <Filter>ソース ファイル\[002] example\3D</Filter>
    </ClInclude>
    <ClInclude Include="..\common\example\3D\035_exa_tank.h">
      <Filter>ソース ファイル\[002] example\3D</Filter>
    </ClInclude>
    <ClInclude Include="..\common\example\3D\040_exa_intersect_correct_sphere.h">
      <Filter>ソース ファイル\[002] example\3D</Filter>
    </ClInclude>
    <ClInclude Include="..\common\example\3D\041_exa_intersect_correct_aabb.h">
      <Filter>ソース ファイル\[002] example\3D</Filter>
    </ClInclude>
    <ClInclude Include="..\common\example\3D\042_exa_intersect_screen_ray.h">
      <Filter>ソース ファイル\[002] example\3D</Filter>
    </ClInclude>
    <ClInclude Include="..\common\example\3D\043_exa_intersect_capsule_plane.h">
      <Filter>ソース ファイル\[002] example\3D</Filter>
    </ClInclude>
    <ClInclude Include="..\common\example\3D\044_exa_intersect_capsule_aabb.h">
      <Filter>ソース ファイル\[002] example\3D</Filter>
    </ClInclude>
    <ClInclude Include="..\common\example\3D\045_exa_intersect_capsule_obb.h">
      <Filter>ソース ファイル\[002] example\3D</Filter>
    </ClInclude>
    <ClInclude Include="..\common\example\3D\046_exa_intersect_capsule_sphere.h">
      <Filter>ソース ファイル\[002] example\3D</Filter>
    </ClInclude>
    <ClInclude Include="..\common\example\3D\050_exa_use_skybox.h">
      <Filter>ソース ファイル\[002] example\3D</Filter>
    </ClInclude>
    <ClInclude Include="..\common\example\3D\060_exa_convert_to_screen.h">
      <Filter>ソース ファイル\[002] example\3D</Filter>
    </ClInclude>
    <ClInclude Include="..\common\example\3D\080_exa_height_map_ground.h">
      <Filter>ソース ファイル\[002] example\3D</Filter>
    </ClInclude>
    <ClInclude Include="..\common\example\3D\090_exa_adjust_object_velocity.h">
      <Filter>ソース ファイル\[002] example\3D</Filter>
    </ClInclude>
    <ClInclude Include="..\common\example\3D\100_exa_shadow_map.h">
      <Filter>ソース ファイル\[002] example\3D</Filter>
    </ClInclude>
    <ClInclude Include="..\common\example\3D\110_exa_draw_target_texture.h">
      <Filter>ソース ファイル\[002] example\3D</Filter>
    </ClInclude>
    <ClInclude Include="..\common\example\3D\120_exa_instancing.h">
      <Filter>ソース ファイル\[002] example\3D</Filter>
    </ClInclude>
    <ClInclude Include="..\common\example\3D\130_exa_particle.h">
      <Filter>ソース ファイル\[002] example\3D</Filter>
    </ClInclude>
    <ClInclude Include="..\common\example\3D\140_exa_water_plane.h">
      <Filter>ソース ファイル\[002] example\3D</Filter>
    </ClInclude>
    <ClInclude Include="..\common\example\3D\900_exa_directx_hlsl.h">
      <Filter>ソース ファイル\[002] example\3D</Filter>
    </ClInclude>
    <ClInclude Include="..\common\example\util\dxe_input_joypad.h">
      <Filter>ソース ファイル\[002] example\util</Filter>
    </ClInclude>
    <ClInclude Include="..\common\example\util\dxe_input_unique_device.h">
      <Filter>ソース ファイル\[002] example\util</Filter>
    </ClInclude>
    <ClInclude Include="..\common\example\util\exa_graphics_layer.h">
      <Filter>ソース ファイル\[002] example\util</Filter>
    </ClInclude>
    <ClInclude Include="..\common\example\util\exa_lerp_value.h">
      <Filter>ソース ファイル\[002] example\util</Filter>
    </ClInclude>
    <ClInclude Include="..\common\example\util\exa_lerp_vector3.h">
      <Filter>ソース ファイル\[002] example\util</Filter>
    </ClInclude>
    <ClInclude Include="..\common\example\util\exa_mediator.h">
      <Filter>ソース ファイル\[002] example\util</Filter>
    </ClInclude>
    <ClInclude Include="..\common\example\util\exa_single_oscillationy.h">
      <Filter>ソース ファイル\[002] example\util</Filter>
    </ClInclude>
  </ItemGroup>
  <ItemGroup>
    <ClCompile Include="110_Skil2_SampleGame_BrickBreaker.cpp">
      <Filter>ソース ファイル</Filter>
    </ClCompile>
    <ClCompile Include="..\common\tnl\json11.cpp">
      <Filter>ソース ファイル\[000] tnl</Filter>
    </ClCompile>
    <ClCompile Include="..\common\tnl\tnl_font_texture.cpp">
      <Filter>ソース ファイル\[000] tnl</Filter>
    </ClCompile>
    <ClCompile Include="..\common\tnl\tnl_inclution_owner_locked.cpp">
      <Filter>ソース ファイル\[000] tnl</Filter>
    </ClCompile>
    <ClCompile Include="..\common\tnl\tnl_input.cpp">
      <Filter>ソース ファイル\[000] tnl</Filter>
    </ClCompile>
    <ClCompile Include="..\common\tnl\tnl_instance.cpp">
      <Filter>ソース ファイル\[000] tnl</Filter>
    </ClCompile>
    <ClCompile Include="..\common\tnl\tnl_intersect.cpp">
      <Filter>ソース ファイル\[000] tnl</Filter>
    </ClCompile>
    <ClCompile Include="..\common\tnl\tnl_math.cpp">
      <Filter>ソース ファイル\[000] tnl</Filter>
    </ClCompile>
    <ClCompile Include="..\common\tnl\tnl_matrix.cpp">
      <Filter>ソース ファイル\[000] tnl</Filter>
    </ClCompile>
    <ClCompile Include="..\common\tnl\tnl_quaternion.cpp">
      <Filter>ソース ファイル\[000] tnl</Filter>
    </ClCompile>
    <ClCompile Include="..\common\tnl\tnl_rect.cpp">
      <Filter>ソース ファイル\[000] tnl</Filter>
    </ClCompile>
    <ClCompile Include="..\common\tnl\tnl_seek_unit.cpp">
      <Filter>ソース ファイル\[000] tnl</Filter>
    </ClCompile>
    <ClCompile Include="..\common\tnl\tnl_util.cpp">
      <Filter>ソース ファイル\[000] tnl</Filter>
    </ClCompile>
    <ClCompile Include="..\common\tnl\tnl_vector2f.cpp">
      <Filter>ソース ファイル\[000] tnl</Filter>
    </ClCompile>
    <ClCompile Include="..\common\tnl\tnl_vector2i.cpp">
      <Filter>ソース ファイル\[000] tnl</Filter>
    </ClCompile>
    <ClCompile Include="..\common\tnl\tnl_vector3.cpp">
      <Filter>ソース ファイル\[000] tnl</Filter>
    </ClCompile>
    <ClCompile Include="..\common\dxe\dxe.cpp">
      <Filter>ソース ファイル\[001] dxe</Filter>
    </ClCompile>
    <ClCompile Include="..\common\dxe\dxe_camera.cpp">
      <Filter>ソース ファイル\[001] dxe</Filter>
    </ClCompile>
    <ClCompile Include="..\common\dxe\dxe_data.cpp">
      <Filter>ソース ファイル\[001] dxe</Filter>
    </ClCompile>
    <ClCompile Include="..\common\dxe\dxe_font_text.cpp">
      <Filter>ソース ファイル\[001] dxe</Filter>
    </ClCompile>
    <ClCompile Include="..\common\dxe\dxe_graphics_layer.cpp">
      <Filter>ソース ファイル\[001] dxe</Filter>
    </ClCompile>
    <ClCompile Include="..\common\dxe\dxe_input.cpp">
      <Filter>ソース ファイル\[001] dxe</Filter>
    </ClCompile>
    <ClCompile Include="..\common\dxe\dxe_texture.cpp">
      <Filter>ソース ファイル\[001] dxe</Filter>
    </ClCompile>
    <ClCompile Include="..\common\dxe\OBJLoader.cpp">
      <Filter>ソース ファイル\[001] dxe</Filter>
    </ClCompile>
    <ClCompile Include="..\common\dxe\mesh\dxe_inst_mesh.cpp">
      <Filter>ソース ファイル\[001] dxe\mesh</Filter>
    </ClCompile>
    <ClCompile Include="..\common\dxe\mesh\dxe_mesh.cpp">
      <Filter>ソース ファイル\[001] dxe\mesh</Filter>
    </ClCompile>
    <ClCompile Include="..\common\dxe\mesh\dxe_mesh_base.cpp">
      <Filter>ソース ファイル\[001] dxe\mesh</Filter>
    </ClCompile>
    <ClCompile Include="..\common\dxe\mesh\dxe_mesh_mtrl_gui_controller.cpp">
      <Filter>ソース ファイル\[001] dxe\mesh</Filter>
    </ClCompile>
    <ClCompile Include="..\common\dxe\mesh\create_mesh\dxe_mesh_barrel.cpp">
      <Filter>ソース ファイル\[001] dxe\mesh\create_mesh</Filter>
    </ClCompile>
    <ClCompile Include="..\common\dxe\mesh\create_mesh\dxe_mesh_box.cpp">
      <Filter>ソース ファイル\[001] dxe\mesh\create_mesh</Filter>
    </ClCompile>
    <ClCompile Include="..\common\dxe\mesh\create_mesh\dxe_mesh_cone.cpp">
      <Filter>ソース ファイル\[001] dxe\mesh\create_mesh</Filter>
    </ClCompile>
    <ClCompile Include="..\common\dxe\mesh\create_mesh\dxe_mesh_cone_cylinder.cpp">
      <Filter>ソース ファイル\[001] dxe\mesh\create_mesh</Filter>
    </ClCompile>
    <ClCompile Include="..\common\dxe\mesh\create_mesh\dxe_mesh_cube.cpp">
      <Filter>ソース ファイル\[001] dxe\mesh\create_mesh</Filter>
    </ClCompile>
    <ClCompile Include="..\common\dxe\mesh\create_mesh\dxe_mesh_cylinder.cpp">
      <Filter>ソース ファイル\[001] dxe\mesh\create_mesh</Filter>
    </ClCompile>
    <ClCompile Include="..\common\dxe\mesh\create_mesh\dxe_mesh_disk.cpp">
      <Filter>ソース ファイル\[001] dxe\mesh\create_mesh</Filter>
    </ClCompile>
    <ClCompile Include="..\common\dxe\mesh\create_mesh\dxe_mesh_disk_ring.cpp">
      <Filter>ソース ファイル\[001] dxe\mesh\create_mesh</Filter>
    </ClCompile>
    <ClCompile Include="..\common\dxe\mesh\create_mesh\dxe_mesh_dome.cpp">
      <Filter>ソース ファイル\[001] dxe\mesh\create_mesh</Filter>
    </ClCompile>
    <ClCompile Include="..\common\dxe\mesh\create_mesh\dxe_mesh_from_height_map.cpp">
      <Filter>ソース ファイル\[001] dxe\mesh\create_mesh</Filter>
    </ClCompile>
    <ClCompile Include="..\common\dxe\mesh\create_mesh\dxe_mesh_half_barrel.cpp">
      <Filter>ソース ファイル\[001] dxe\mesh\create_mesh</Filter>
    </ClCompile>
    <ClCompile Include="..\common\dxe\mesh\create_mesh\dxe_mesh_hollow_out_disk_plane.cpp">
      <Filter>ソース ファイル\[001] dxe\mesh\create_mesh</Filter>
    </ClCompile>
    <ClCompile Include="..\common\dxe\mesh\create_mesh\dxe_mesh_obj.cpp">
      <Filter>ソース ファイル\[001] dxe\mesh\create_mesh</Filter>
    </ClCompile>
    <ClCompile Include="..\common\dxe\mesh\create_mesh\dxe_mesh_plane.cpp">
      <Filter>ソース ファイル\[001] dxe\mesh\create_mesh</Filter>
    </ClCompile>
    <ClCompile Include="..\common\dxe\mesh\create_mesh\dxe_mesh_sphere.cpp">
      <Filter>ソース ファイル\[001] dxe\mesh\create_mesh</Filter>
    </ClCompile>
    <ClCompile Include="..\common\dxe\mesh\create_mesh\dxe_mesh_static_group.cpp">
      <Filter>ソース ファイル\[001] dxe\mesh\create_mesh</Filter>
    </ClCompile>
    <ClCompile Include="..\common\dxe\mesh\create_mesh\dxe_mesh_torus.cpp">
      <Filter>ソース ファイル\[001] dxe\mesh\create_mesh</Filter>
    </ClCompile>
    <ClCompile Include="..\common\dxe\mesh\create_mesh\dxe_mesh_triangle_equilateral.cpp">
      <Filter>ソース ファイル\[001] dxe\mesh\create_mesh</Filter>
    </ClCompile>
    <ClCompile Include="..\common\dxe\mesh\create_mesh\dxe_mesh_triangle_isosceles.cpp">
      <Filter>ソース ファイル\[001] dxe\mesh\create_mesh</Filter>
    </ClCompile>
    <ClCompile Include="..\common\dxe\mesh\create_mesh\dxe_mesh_triangle_right.cpp">
      <Filter>ソース ファイル\[001] dxe\mesh\create_mesh</Filter>
    </ClCompile>
    <ClCompile Include="..\common\dxe\gui\dxe_gui_check_box.cpp">
      <Filter>ソース ファイル\[001] dxe\gui</Filter>
    </ClCompile>
    <ClCompile Include="..\common\dxe\gui\dxe_gui_drag_box.cpp">
      <Filter>ソース ファイル\[001] dxe\gui</Filter>
    </ClCompile>
    <ClCompile Include="..\common\dxe\gui\dxe_gui_input_box.cpp">
      <Filter>ソース ファイル\[001] dxe\gui</Filter>
    </ClCompile>
    <ClCompile Include="..\common\dxe\gui\dxe_gui_menu_selector.cpp">
      <Filter>ソース ファイル\[001] dxe\gui</Filter>
    </ClCompile>
    <ClCompile Include="..\common\dxe\effects\dxe_erea_projection.cpp">
      <Filter>ソース ファイル\[001] dxe\effect</Filter>
    </ClCompile>
    <ClCompile Include="..\common\dxe\effects\dxe_particle.cpp">
      <Filter>ソース ファイル\[001] dxe\effect</Filter>
    </ClCompile>
    <ClCompile Include="..\common\dxe\effects\dxe_particle_sub.cpp">
      <Filter>ソース ファイル\[001] dxe\effect</Filter>
    </ClCompile>
    <ClCompile Include="..\common\dxe\effects\dxe_shadow_map.cpp">
      <Filter>ソース ファイル\[001] dxe\effect</Filter>
    </ClCompile>
    <ClCompile Include="..\common\dxe\effects\dxe_water_plane.cpp">
      <Filter>ソース ファイル\[001] dxe\effect</Filter>
    </ClCompile>
    <ClCompile Include="..\common\dxe\effects\dxe_water_plane_sub.cpp">
      <Filter>ソース ファイル\[001] dxe\effect</Filter>
    </ClCompile>
    <ClCompile Include="program\gm_main.cpp">
      <Filter>ソース ファイル\[004] game</Filter>
    </ClCompile>
  </ItemGroup>
  <ItemGroup>
    <ResourceCompile Include="110_Skil2_SampleGame_BrickBreaker.rc">
      <Filter>リソース ファイル</Filter>
    </ResourceCompile>
  </ItemGroup>
  <ItemGroup>
    <Image Include="small.ico">
      <Filter>リソース ファイル</Filter>
    </Image>
    <Image Include="110_Skil2_SampleGame_BrickBreaker.ico">
      <Filter>リソース ファイル</Filter>
    </Image>
  </ItemGroup>
</Project>